
Microsoft Visual Studio Solution File, Format Version 12.00
# Visual Studio 2015
Project("{FAE04EC0-301F-11D3-BF4B-00C04F79EFBC}") = "Radioactive StockFish.CSharp.Plugins", "Radioactive StockFish.CSharp.Plugins.csproj", "{B505A730-ADDE-5F57-2989-2E54BBEFB73A}"
EndProject
Project("{FAE04EC0-301F-11D3-BF4B-00C04F79EFBC}") = "Radioactive StockFish.CSharp", "Radioactive StockFish.CSharp.csproj", "{1DA1563F-5626-600D-E5E3-6179E6BB0EA1}"
EndProject
Project("{FAE04EC0-301F-11D3-BF4B-00C04F79EFBC}") = "Radioactive StockFish.CSharp.Editor", "Radioactive StockFish.CSharp.Editor.csproj", "{7EF0DB0F-C06A-FBB4-6E50-10CBA36829DA}"
EndProject
Global
	GlobalSection(SolutionConfigurationPlatforms) = preSolution
		Debug|Any CPU = Debug|Any CPU
		Release|Any CPU = Release|Any CPU
	EndGlobalSection
	GlobalSection(ProjectConfigurationPlatforms) = postSolution
		{B505A730-ADDE-5F57-2989-2E54BBEFB73A}.Debug|Any CPU.ActiveCfg = Debug|Any CPU
		{B505A730-ADDE-5F57-2989-2E54BBEFB73A}.Debug|Any CPU.Build.0 = Debug|Any CPU
		{B505A730-ADDE-5F57-2989-2E54BBEFB73A}.Release|Any CPU.ActiveCfg = Release|Any CPU
		{B505A730-ADDE-5F57-2989-2E54BBEFB73A}.Release|Any CPU.Build.0 = Release|Any CPU
		{1DA1563F-5626-600D-E5E3-6179E6BB0EA1}.Debug|Any CPU.ActiveCfg = Debug|Any CPU
		{1DA1563F-5626-600D-E5E3-6179E6BB0EA1}.Debug|Any CPU.Build.0 = Debug|Any CPU
		{1DA1563F-5626-600D-E5E3-6179E6BB0EA1}.Release|Any CPU.ActiveCfg = Release|Any CPU
		{1DA1563F-5626-600D-E5E3-6179E6BB0EA1}.Release|Any CPU.Build.0 = Release|Any CPU
		{7EF0DB0F-C06A-FBB4-6E50-10CBA36829DA}.Debug|Any CPU.ActiveCfg = Debug|Any CPU
		{7EF0DB0F-C06A-FBB4-6E50-10CBA36829DA}.Debug|Any CPU.Build.0 = Debug|Any CPU
		{7EF0DB0F-C06A-FBB4-6E50-10CBA36829DA}.Release|Any CPU.ActiveCfg = Release|Any CPU
		{7EF0DB0F-C06A-FBB4-6E50-10CBA36829DA}.Release|Any CPU.Build.0 = Release|Any CPU
	EndGlobalSection
	GlobalSection(SolutionProperties) = preSolution
		HideSolutionNode = FALSE
	EndGlobalSection
EndGlobal
