Microsoft Visual Studio Solution File, Format Version 11.00
# Visual Studio 2008

Project("{55E44931-920D-99A6-599E-D7E30809A220}") = "Radioactive StockFish", "Assembly-CSharp-firstpass.csproj", "{6867173A-F974-F190-FC81-5F46F16EB0B7}"
EndProject
Project("{55E44931-920D-99A6-599E-D7E30809A220}") = "Radioactive StockFish", "Assembly-CSharp.csproj", "{CE6D28BB-A3C3-CB8F-EED4-8DEE59A9C535}"
EndProject
Project("{55E44931-920D-99A6-599E-D7E30809A220}") = "Radioactive StockFish", "Assembly-CSharp-Editor.csproj", "{F7B9AE29-293E-6C68-2171-675C898B31B8}"
EndProject
Global
	GlobalSection(SolutionConfigurationPlatforms) = preSolution
		Debug|Any CPU = Debug|Any CPU
		Release|Any CPU = Release|Any CPU
	EndGlobalSection
	GlobalSection(ProjectConfigurationPlatforms) = postSolution
		{6867173A-F974-F190-FC81-5F46F16EB0B7}.Debug|Any CPU.ActiveCfg = Debug|Any CPU
		{6867173A-F974-F190-FC81-5F46F16EB0B7}.Debug|Any CPU.Build.0 = Debug|Any CPU
		{6867173A-F974-F190-FC81-5F46F16EB0B7}.Release|Any CPU.ActiveCfg = Release|Any CPU
		{6867173A-F974-F190-FC81-5F46F16EB0B7}.Release|Any CPU.Build.0 = Release|Any CPU
		{CE6D28BB-A3C3-CB8F-EED4-8DEE59A9C535}.Debug|Any CPU.ActiveCfg = Debug|Any CPU
		{CE6D28BB-A3C3-CB8F-EED4-8DEE59A9C535}.Debug|Any CPU.Build.0 = Debug|Any CPU
		{CE6D28BB-A3C3-CB8F-EED4-8DEE59A9C535}.Release|Any CPU.ActiveCfg = Release|Any CPU
		{CE6D28BB-A3C3-CB8F-EED4-8DEE59A9C535}.Release|Any CPU.Build.0 = Release|Any CPU
		{F7B9AE29-293E-6C68-2171-675C898B31B8}.Debug|Any CPU.ActiveCfg = Debug|Any CPU
		{F7B9AE29-293E-6C68-2171-675C898B31B8}.Debug|Any CPU.Build.0 = Debug|Any CPU
		{F7B9AE29-293E-6C68-2171-675C898B31B8}.Release|Any CPU.ActiveCfg = Release|Any CPU
		{F7B9AE29-293E-6C68-2171-675C898B31B8}.Release|Any CPU.Build.0 = Release|Any CPU
	EndGlobalSection
	GlobalSection(SolutionProperties) = preSolution
		HideSolutionNode = FALSE
	EndGlobalSection
	GlobalSection(MonoDevelopProperties) = preSolution
		StartupItem = Assembly-CSharp.csproj
	EndGlobalSection
EndGlobal
